
Microsoft Visual Studio Solution File, Format Version 12.00
# Visual Studio Version 17
VisualStudioVersion = 17.13.35806.99 d17.13
MinimumVisualStudioVersion = 10.0.40219.1
Project("{8BC9CEB8-8B4A-11D0-8D11-00A0C91BC942}") = "NakigoeDB", "NakigoeDB\NakigoeDB.vcxproj", "{D0C4C45A-E8A9-4773-B5DC-6C70A8C152AB}"
EndProject
Global
	GlobalSection(SolutionConfigurationPlatforms) = preSolution
		Debug|x64 = Debug|x64
		Release|x64 = Release|x64
	EndGlobalSection
	GlobalSection(ProjectConfigurationPlatforms) = postSolution
		{D0C4C45A-E8A9-4773-B5DC-6C70A8C152AB}.Debug|x64.ActiveCfg = Debug|x64
		{D0C4C45A-E8A9-4773-B5DC-6C70A8C152AB}.Debug|x64.Build.0 = Debug|x64
		{D0C4C45A-E8A9-4773-B5DC-6C70A8C152AB}.Release|x64.ActiveCfg = Release|x64
		{D0C4C45A-E8A9-4773-B5DC-6C70A8C152AB}.Release|x64.Build.0 = Release|x64
	EndGlobalSection
	GlobalSection(SolutionProperties) = preSolution
		HideSolutionNode = FALSE
	EndGlobalSection
	GlobalSection(ExtensibilityGlobals) = postSolution
		SolutionGuid = {33DDAE19-E247-4FAE-83F2-03855057A1A6}
	EndGlobalSection
EndGlobal
